
Microsoft Visual Studio Solution File, Format Version 12.00
# Visual Studio Version 16
VisualStudioVersion = 16.0.31129.286
MinimumVisualStudioVersion = 10.0.40219.1
Project("{FAE04EC0-301F-11D3-BF4B-00C04F79EFBC}") = "Sales_Managment_System", "Sales_Managment_System\Sales_Managment_System.csproj", "{056D6295-5278-4B2C-89D7-150AB1340C09}"
EndProject
Global
	GlobalSection(SolutionConfigurationPlatforms) = preSolution
		Debug|Any CPU = Debug|Any CPU
		Release|Any CPU = Release|Any CPU
	EndGlobalSection
	GlobalSection(ProjectConfigurationPlatforms) = postSolution
		{056D6295-5278-4B2C-89D7-150AB1340C09}.Debug|Any CPU.ActiveCfg = Debug|Any CPU
		{056D6295-5278-4B2C-89D7-150AB1340C09}.Debug|Any CPU.Build.0 = Debug|Any CPU
		{056D6295-5278-4B2C-89D7-150AB1340C09}.Release|Any CPU.ActiveCfg = Release|Any CPU
		{056D6295-5278-4B2C-89D7-150AB1340C09}.Release|Any CPU.Build.0 = Release|Any CPU
	EndGlobalSection
	GlobalSection(SolutionProperties) = preSolution
		HideSolutionNode = FALSE
	EndGlobalSection
	GlobalSection(ExtensibilityGlobals) = postSolution
		SolutionGuid = {98ED4A8A-E92D-4E9C-AF54-9BD9D554909A}
	EndGlobalSection
EndGlobal
